
Microsoft Visual Studio Solution File, Format Version 12.00
# Visual Studio Version 17
VisualStudioVersion = 17.4.33110.190
MinimumVisualStudioVersion = 10.0.40219.1
Project("{FAE04EC0-301F-11D3-BF4B-00C04F79EFBC}") = "SparePro", "SparePro\SparePro.csproj", "{2ED5E85A-48D0-4792-9218-68E6C0781A51}"
EndProject
Project("{FAE04EC0-301F-11D3-BF4B-00C04F79EFBC}") = "SparePro.Model", "SparePro.Model\SparePro.Model.csproj", "{CADE0411-3610-412E-822C-BB7948A069F4}"
EndProject
Project("{FAE04EC0-301F-11D3-BF4B-00C04F79EFBC}") = "SparePro.Entity", "SparePro.Entity\SparePro.Entity.csproj", "{33882671-806D-4BA4-9D96-FC9F4BDDBB72}"
EndProject
Project("{FAE04EC0-301F-11D3-BF4B-00C04F79EFBC}") = "SparePro.Repository", "SparePro.Repository\SparePro.Repository.csproj", "{57CB428B-00C2-46A5-9D11-7D6F1268058F}"
EndProject
Global
	GlobalSection(SolutionConfigurationPlatforms) = preSolution
		Debug|Any CPU = Debug|Any CPU
		Release|Any CPU = Release|Any CPU
	EndGlobalSection
	GlobalSection(ProjectConfigurationPlatforms) = postSolution
		{2ED5E85A-48D0-4792-9218-68E6C0781A51}.Debug|Any CPU.ActiveCfg = Debug|Any CPU
		{2ED5E85A-48D0-4792-9218-68E6C0781A51}.Debug|Any CPU.Build.0 = Debug|Any CPU
		{2ED5E85A-48D0-4792-9218-68E6C0781A51}.Release|Any CPU.ActiveCfg = Release|Any CPU
		{2ED5E85A-48D0-4792-9218-68E6C0781A51}.Release|Any CPU.Build.0 = Release|Any CPU
		{CADE0411-3610-412E-822C-BB7948A069F4}.Debug|Any CPU.ActiveCfg = Debug|Any CPU
		{CADE0411-3610-412E-822C-BB7948A069F4}.Debug|Any CPU.Build.0 = Debug|Any CPU
		{CADE0411-3610-412E-822C-BB7948A069F4}.Release|Any CPU.ActiveCfg = Release|Any CPU
		{CADE0411-3610-412E-822C-BB7948A069F4}.Release|Any CPU.Build.0 = Release|Any CPU
		{33882671-806D-4BA4-9D96-FC9F4BDDBB72}.Debug|Any CPU.ActiveCfg = Debug|Any CPU
		{33882671-806D-4BA4-9D96-FC9F4BDDBB72}.Debug|Any CPU.Build.0 = Debug|Any CPU
		{33882671-806D-4BA4-9D96-FC9F4BDDBB72}.Release|Any CPU.ActiveCfg = Release|Any CPU
		{33882671-806D-4BA4-9D96-FC9F4BDDBB72}.Release|Any CPU.Build.0 = Release|Any CPU
		{57CB428B-00C2-46A5-9D11-7D6F1268058F}.Debug|Any CPU.ActiveCfg = Debug|Any CPU
		{57CB428B-00C2-46A5-9D11-7D6F1268058F}.Debug|Any CPU.Build.0 = Debug|Any CPU
		{57CB428B-00C2-46A5-9D11-7D6F1268058F}.Release|Any CPU.ActiveCfg = Release|Any CPU
		{57CB428B-00C2-46A5-9D11-7D6F1268058F}.Release|Any CPU.Build.0 = Release|Any CPU
	EndGlobalSection
	GlobalSection(SolutionProperties) = preSolution
		HideSolutionNode = FALSE
	EndGlobalSection
	GlobalSection(ExtensibilityGlobals) = postSolution
		SolutionGuid = {9ACEF30B-AC83-4EF4-BD46-B0845F6A3F18}
	EndGlobalSection
EndGlobal
