
Microsoft Visual Studio Solution File, Format Version 12.00
# Visual Studio Version 16
VisualStudioVersion = 16.0.30615.102
MinimumVisualStudioVersion = 16.0.30615.102
Project("{FAE04EC0-301F-11D3-BF4B-00C04F79EFBC}") = "DistributorProject", "DistributorProject\DistributorProject.csproj", "{2ED5E85A-48D0-4792-9218-68E6C0781A51}"
EndProject
Project("{FAE04EC0-301F-11D3-BF4B-00C04F79EFBC}") = "Distributor.Model", "Distributor.Model\Distributor.Model.csproj", "{CADE0411-3610-412E-822C-BB7948A069F4}"
EndProject
Project("{FAE04EC0-301F-11D3-BF4B-00C04F79EFBC}") = "Distributor.Entity", "Distributor.Entity\Distributor.Entity.csproj", "{33882671-806D-4BA4-9D96-FC9F4BDDBB72}"
EndProject
Project("{FAE04EC0-301F-11D3-BF4B-00C04F79EFBC}") = "Distributor.Repository", "Distributor.Repository\Distributor.Repository.csproj", "{57CB428B-00C2-46A5-9D11-7D6F1268058F}"
EndProject
Global
	GlobalSection(SolutionConfigurationPlatforms) = preSolution
		Debug|Any CPU = Debug|Any CPU
		Release|Any CPU = Release|Any CPU
	EndGlobalSection
	GlobalSection(ProjectConfigurationPlatforms) = postSolution
		{2ED5E85A-48D0-4792-9218-68E6C0781A51}.Debug|Any CPU.ActiveCfg = Debug|Any CPU
		{2ED5E85A-48D0-4792-9218-68E6C0781A51}.Debug|Any CPU.Build.0 = Debug|Any CPU
		{2ED5E85A-48D0-4792-9218-68E6C0781A51}.Release|Any CPU.ActiveCfg = Release|Any CPU
		{2ED5E85A-48D0-4792-9218-68E6C0781A51}.Release|Any CPU.Build.0 = Release|Any CPU
		{CADE0411-3610-412E-822C-BB7948A069F4}.Debug|Any CPU.ActiveCfg = Debug|Any CPU
		{CADE0411-3610-412E-822C-BB7948A069F4}.Debug|Any CPU.Build.0 = Debug|Any CPU
		{CADE0411-3610-412E-822C-BB7948A069F4}.Release|Any CPU.ActiveCfg = Release|Any CPU
		{CADE0411-3610-412E-822C-BB7948A069F4}.Release|Any CPU.Build.0 = Release|Any CPU
		{33882671-806D-4BA4-9D96-FC9F4BDDBB72}.Debug|Any CPU.ActiveCfg = Debug|Any CPU
		{33882671-806D-4BA4-9D96-FC9F4BDDBB72}.Debug|Any CPU.Build.0 = Debug|Any CPU
		{33882671-806D-4BA4-9D96-FC9F4BDDBB72}.Release|Any CPU.ActiveCfg = Release|Any CPU
		{33882671-806D-4BA4-9D96-FC9F4BDDBB72}.Release|Any CPU.Build.0 = Release|Any CPU
		{57CB428B-00C2-46A5-9D11-7D6F1268058F}.Debug|Any CPU.ActiveCfg = Debug|Any CPU
		{57CB428B-00C2-46A5-9D11-7D6F1268058F}.Debug|Any CPU.Build.0 = Debug|Any CPU
		{57CB428B-00C2-46A5-9D11-7D6F1268058F}.Release|Any CPU.ActiveCfg = Release|Any CPU
		{57CB428B-00C2-46A5-9D11-7D6F1268058F}.Release|Any CPU.Build.0 = Release|Any CPU
	EndGlobalSection
	GlobalSection(SolutionProperties) = preSolution
		HideSolutionNode = FALSE
	EndGlobalSection
	GlobalSection(ExtensibilityGlobals) = postSolution
		SolutionGuid = {C513207F-14ED-475F-9ABC-E415051C2E3D}
	EndGlobalSection
	GlobalSection(TeamFoundationVersionControl) = preSolution
		SccNumberOfProjects = 4
		SccEnterpriseProvider = {4CA58AB2-18FA-4F8D-95D4-32DDF27D184C}
		SccTeamFoundationServer = https://dev.azure.com/indexinfosyatems
		SccProjectUniqueName0 = Distributor.Model\\Distributor.Model.csproj
		SccProjectName0 = Distributor.Model
		SccAuxPath0 = https://dev.azure.com/indexinfosyatems
		SccLocalPath0 = Distributor.Model
		SccProvider0 = {4CA58AB2-18FA-4F8D-95D4-32DDF27D184C}
		SccProjectUniqueName1 = Distributor.Entity\\Distributor.Entity.csproj
		SccProjectName1 = Distributor.Entity
		SccAuxPath1 = https://dev.azure.com/indexinfosyatems
		SccLocalPath1 = Distributor.Entity
		SccProvider1 = {4CA58AB2-18FA-4F8D-95D4-32DDF27D184C}
		SccProjectUniqueName2 = Distributor.Repository\\Distributor.Repository.csproj
		SccProjectName2 = Distributor.Repository
		SccAuxPath2 = https://dev.azure.com/indexinfosyatems
		SccLocalPath2 = Distributor.Repository
		SccProvider2 = {4CA58AB2-18FA-4F8D-95D4-32DDF27D184C}
		SccProjectUniqueName3 = DistributorProject\\DistributorProject.csproj
		SccProjectName3 = DistributorProject
		SccAuxPath3 = https://dev.azure.com/indexinfosyatems
		SccLocalPath3 = DistributorProject
		SccProvider3 = {4CA58AB2-18FA-4F8D-95D4-32DDF27D184C}
	EndGlobalSection
EndGlobal
